
Microsoft Visual Studio Solution File, Format Version 12.00
# Visual Studio Version 17
VisualStudioVersion = 17.7.34031.279
MinimumVisualStudioVersion = 10.0.40219.1
Project("{FAE04EC0-301F-11D3-BF4B-00C04F79EFBC}") = "CortosoCrafts.website", "CortosoCrafts.website\CortosoCrafts.website.csproj", "{500D3F7D-4D8D-409B-A5C4-117635BECA37}"
EndProject
Global
	GlobalSection(SolutionConfigurationPlatforms) = preSolution
		Debug|Any CPU = Debug|Any CPU
		Release|Any CPU = Release|Any CPU
	EndGlobalSection
	GlobalSection(ProjectConfigurationPlatforms) = postSolution
		{500D3F7D-4D8D-409B-A5C4-117635BECA37}.Debug|Any CPU.ActiveCfg = Debug|Any CPU
		{500D3F7D-4D8D-409B-A5C4-117635BECA37}.Debug|Any CPU.Build.0 = Debug|Any CPU
		{500D3F7D-4D8D-409B-A5C4-117635BECA37}.Release|Any CPU.ActiveCfg = Release|Any CPU
		{500D3F7D-4D8D-409B-A5C4-117635BECA37}.Release|Any CPU.Build.0 = Release|Any CPU
	EndGlobalSection
	GlobalSection(SolutionProperties) = preSolution
		HideSolutionNode = FALSE
	EndGlobalSection
	GlobalSection(ExtensibilityGlobals) = postSolution
		SolutionGuid = {542A2FD6-A497-4A41-B8B6-BD7B82F53F17}
	EndGlobalSection
EndGlobal
